
Microsoft Visual Studio Solution File, Format Version 12.00
Project("{FAE04EC0-301F-11D3-BF4B-00C04F79EFBC}") = "Moonlight", "Moonlight\Moonlight.csproj", "{B9AD26D2-AAA7-4C57-884D-5AACAA54D5B6}"
EndProject
Global
	GlobalSection(SolutionConfigurationPlatforms) = preSolution
		Debug|Any CPU = Debug|Any CPU
		Release|Any CPU = Release|Any CPU
	EndGlobalSection
	GlobalSection(ProjectConfigurationPlatforms) = postSolution
		{B9AD26D2-AAA7-4C57-884D-5AACAA54D5B6}.Debug|Any CPU.ActiveCfg = Debug|Any CPU
		{B9AD26D2-AAA7-4C57-884D-5AACAA54D5B6}.Debug|Any CPU.Build.0 = Debug|Any CPU
		{B9AD26D2-AAA7-4C57-884D-5AACAA54D5B6}.Release|Any CPU.ActiveCfg = Release|Any CPU
		{B9AD26D2-AAA7-4C57-884D-5AACAA54D5B6}.Release|Any CPU.Build.0 = Release|Any CPU
	EndGlobalSection
	GlobalSection(NestedProjects) = preSolution
	EndGlobalSection
EndGlobal
